
Microsoft Visual Studio Solution File, Format Version 12.00
# Visual Studio Version 17
VisualStudioVersion = 17.0.31612.314
MinimumVisualStudioVersion = 10.0.40219.1
Project("{2150E333-8FDC-42A3-9474-1A3956D46DE8}") = "Solution Items", "Solution Items", "{61E5FC7C-6EF0-4B4C-9569-6332FB02336D}"
	ProjectSection(SolutionItems) = preProject
		.editorconfig = .editorconfig
	EndProjectSection
EndProject
Project("{D954291E-2A0B-460D-934E-DC6B0785DB48}") = "CommentsPlusShared", "CommentsPlusShared.shproj", "{3E4BAC08-24C7-4C05-8683-E8109183D72B}"
EndProject
Project("{FAE04EC0-301F-11D3-BF4B-00C04F79EFBC}") = "CommentsPlus17", "CommentsPlus17\CommentsPlus17.csproj", "{D9124E8E-BA8E-41FE-B05C-5D7C3A1D6B04}"
EndProject
Project("{2150E333-8FDC-42A3-9474-1A3956D46DE8}") = "Samples", "Samples", "{F3C55657-D6CA-4974-A137-30D7905C07E2}"
	ProjectSection(SolutionItems) = preProject
		Samples\Class1.vb = Samples\Class1.vb
		Samples\HTMLPage1.html = Samples\HTMLPage1.html
		Samples\python_class1.py = Samples\python_class1.py
		Samples\Sample2.ts = Samples\Sample2.ts
		Samples\SampleClass.cs = Samples\SampleClass.cs
		Samples\samplepage.xaml = Samples\samplepage.xaml
		Samples\samplescript.ps1 = Samples\samplescript.ps1
		Samples\Script2.js = Samples\Script2.js
		Samples\test.h = Samples\test.h
		Samples\test.yml = Samples\test.yml
		Samples\XMLFile1.xml = Samples\XMLFile1.xml
	EndProjectSection
EndProject
Global
	GlobalSection(SolutionConfigurationPlatforms) = preSolution
		Debug|Any CPU = Debug|Any CPU
		Debug|x86 = Debug|x86
		Release|Any CPU = Release|Any CPU
		Release|x86 = Release|x86
	EndGlobalSection
	GlobalSection(ProjectConfigurationPlatforms) = postSolution
		{D9124E8E-BA8E-41FE-B05C-5D7C3A1D6B04}.Debug|Any CPU.ActiveCfg = Debug|Any CPU
		{D9124E8E-BA8E-41FE-B05C-5D7C3A1D6B04}.Debug|Any CPU.Build.0 = Debug|Any CPU
		{D9124E8E-BA8E-41FE-B05C-5D7C3A1D6B04}.Debug|x86.ActiveCfg = Debug|x86
		{D9124E8E-BA8E-41FE-B05C-5D7C3A1D6B04}.Debug|x86.Build.0 = Debug|x86
		{D9124E8E-BA8E-41FE-B05C-5D7C3A1D6B04}.Release|Any CPU.ActiveCfg = Release|Any CPU
		{D9124E8E-BA8E-41FE-B05C-5D7C3A1D6B04}.Release|Any CPU.Build.0 = Release|Any CPU
		{D9124E8E-BA8E-41FE-B05C-5D7C3A1D6B04}.Release|x86.ActiveCfg = Release|x86
		{D9124E8E-BA8E-41FE-B05C-5D7C3A1D6B04}.Release|x86.Build.0 = Release|x86
	EndGlobalSection
	GlobalSection(SolutionProperties) = preSolution
		HideSolutionNode = FALSE
	EndGlobalSection
	GlobalSection(NestedProjects) = preSolution
		{F3C55657-D6CA-4974-A137-30D7905C07E2} = {61E5FC7C-6EF0-4B4C-9569-6332FB02336D}
	EndGlobalSection
	GlobalSection(ExtensibilityGlobals) = postSolution
		SolutionGuid = {029ABEDE-369E-42FC-9D27-82FF34253C57}
	EndGlobalSection
	GlobalSection(SharedMSBuildProjectFiles) = preSolution
		CommentsPlusShared.projitems*{3e4bac08-24c7-4c05-8683-e8109183d72b}*SharedItemsImports = 13
		CommentsPlusShared.projitems*{d9124e8e-ba8e-41fe-b05c-5d7c3a1d6b04}*SharedItemsImports = 4
	EndGlobalSection
EndGlobal
